
Microsoft Visual Studio Solution File, Format Version 12.00
# Visual Studio Version 17
VisualStudioVersion = 17.4.33027.239
MinimumVisualStudioVersion = 10.0.40219.1
Project("{FAE04EC0-301F-11D3-BF4B-00C04F79EFBC}") = "snmptranslate", "snmptranslate_cs\snmptranslate.csproj", "{6475E834-1869-4713-9A67-C808B349A1D6}"
EndProject
Project("{FAE04EC0-301F-11D3-BF4B-00C04F79EFBC}") = "Tests", "Tests.NUnit\Tests.csproj", "{591452A6-2EAA-48B8-A314-1B05BA49AF54}"
EndProject
Project("{FAE04EC0-301F-11D3-BF4B-00C04F79EFBC}") = "snmpwalk", "snmpwalk_cs\snmpwalk.csproj", "{C201D903-8292-41DA-A18B-E817F1C5BCFB}"
EndProject
Project("{9A19103F-16F7-4668-BE54-9A1E7A4F7556}") = "snmptranslate_dotnet6", "snmptranslate_dotnet6\snmptranslate_dotnet6.csproj", "{861B23D8-72F1-49C3-A2AB-85F4FC3597F9}"
EndProject
Project("{9A19103F-16F7-4668-BE54-9A1E7A4F7556}") = "snmpwalk_dotnet6", "snmpwalk_dotnet6\snmpwalk_dotnet6.csproj", "{9CF7B63C-6E60-4C79-8DE0-4E6DA353787A}"
EndProject
Global
	GlobalSection(SolutionConfigurationPlatforms) = preSolution
		Debug|Any CPU = Debug|Any CPU
		Release|Any CPU = Release|Any CPU
	EndGlobalSection
	GlobalSection(ProjectConfigurationPlatforms) = postSolution
		{6475E834-1869-4713-9A67-C808B349A1D6}.Debug|Any CPU.ActiveCfg = Debug|Any CPU
		{6475E834-1869-4713-9A67-C808B349A1D6}.Debug|Any CPU.Build.0 = Debug|Any CPU
		{6475E834-1869-4713-9A67-C808B349A1D6}.Release|Any CPU.ActiveCfg = Release|Any CPU
		{6475E834-1869-4713-9A67-C808B349A1D6}.Release|Any CPU.Build.0 = Release|Any CPU
		{591452A6-2EAA-48B8-A314-1B05BA49AF54}.Debug|Any CPU.ActiveCfg = Debug|Any CPU
		{591452A6-2EAA-48B8-A314-1B05BA49AF54}.Debug|Any CPU.Build.0 = Debug|Any CPU
		{591452A6-2EAA-48B8-A314-1B05BA49AF54}.Release|Any CPU.ActiveCfg = Release|Any CPU
		{591452A6-2EAA-48B8-A314-1B05BA49AF54}.Release|Any CPU.Build.0 = Release|Any CPU
		{C201D903-8292-41DA-A18B-E817F1C5BCFB}.Debug|Any CPU.ActiveCfg = Debug|Any CPU
		{C201D903-8292-41DA-A18B-E817F1C5BCFB}.Debug|Any CPU.Build.0 = Debug|Any CPU
		{C201D903-8292-41DA-A18B-E817F1C5BCFB}.Release|Any CPU.ActiveCfg = Release|Any CPU
		{C201D903-8292-41DA-A18B-E817F1C5BCFB}.Release|Any CPU.Build.0 = Release|Any CPU
		{861B23D8-72F1-49C3-A2AB-85F4FC3597F9}.Debug|Any CPU.ActiveCfg = Debug|Any CPU
		{861B23D8-72F1-49C3-A2AB-85F4FC3597F9}.Debug|Any CPU.Build.0 = Debug|Any CPU
		{861B23D8-72F1-49C3-A2AB-85F4FC3597F9}.Release|Any CPU.ActiveCfg = Release|Any CPU
		{861B23D8-72F1-49C3-A2AB-85F4FC3597F9}.Release|Any CPU.Build.0 = Release|Any CPU
		{9CF7B63C-6E60-4C79-8DE0-4E6DA353787A}.Debug|Any CPU.ActiveCfg = Debug|Any CPU
		{9CF7B63C-6E60-4C79-8DE0-4E6DA353787A}.Debug|Any CPU.Build.0 = Debug|Any CPU
		{9CF7B63C-6E60-4C79-8DE0-4E6DA353787A}.Release|Any CPU.ActiveCfg = Release|Any CPU
		{9CF7B63C-6E60-4C79-8DE0-4E6DA353787A}.Release|Any CPU.Build.0 = Release|Any CPU
	EndGlobalSection
	GlobalSection(SolutionProperties) = preSolution
		HideSolutionNode = FALSE
	EndGlobalSection
	GlobalSection(ExtensibilityGlobals) = postSolution
		SolutionGuid = {05B7B362-56D0-459F-9F1F-7DEC144B2262}
	EndGlobalSection
EndGlobal
