
Microsoft Visual Studio Solution File, Format Version 12.00
# Visual Studio 14
VisualStudioVersion = 14.0.25420.1
MinimumVisualStudioVersion = 10.0.40219.1
Project("{FAE04EC0-301F-11D3-BF4B-00C04F79EFBC}") = "snmptranslate.Full", "snmptranslate_cs\snmptranslate.Full.csproj", "{6475E834-1869-4713-9A67-C808B349A1D6}"
EndProject
Project("{FAE04EC0-301F-11D3-BF4B-00C04F79EFBC}") = "Tests.Full", "Tests.NUnit\Tests.Full.csproj", "{591452A6-2EAA-48B8-A314-1B05BA49AF54}"
EndProject
Project("{FAE04EC0-301F-11D3-BF4B-00C04F79EFBC}") = "snmptranslate.Trial", "snmptranslate_cs\snmptranslate.Trial.csproj", "{5AF59CAC-5473-4B95-8847-7230247D0871}"
EndProject
Project("{FAE04EC0-301F-11D3-BF4B-00C04F79EFBC}") = "Tests.Trial", "Tests.NUnit\Tests.Trial.csproj", "{3F759D17-C080-4E60-B3F9-C92CD5C5EBD2}"
EndProject
Global
	GlobalSection(SolutionConfigurationPlatforms) = preSolution
		Debug|Any CPU = Debug|Any CPU
		Release|Any CPU = Release|Any CPU
	EndGlobalSection
	GlobalSection(ProjectConfigurationPlatforms) = postSolution
		{6475E834-1869-4713-9A67-C808B349A1D6}.Debug|Any CPU.ActiveCfg = Debug|Any CPU
		{6475E834-1869-4713-9A67-C808B349A1D6}.Debug|Any CPU.Build.0 = Debug|Any CPU
		{6475E834-1869-4713-9A67-C808B349A1D6}.Release|Any CPU.ActiveCfg = Release|Any CPU
		{6475E834-1869-4713-9A67-C808B349A1D6}.Release|Any CPU.Build.0 = Release|Any CPU
		{591452A6-2EAA-48B8-A314-1B05BA49AF54}.Debug|Any CPU.ActiveCfg = Debug|Any CPU
		{591452A6-2EAA-48B8-A314-1B05BA49AF54}.Debug|Any CPU.Build.0 = Debug|Any CPU
		{591452A6-2EAA-48B8-A314-1B05BA49AF54}.Release|Any CPU.ActiveCfg = Release|Any CPU
		{591452A6-2EAA-48B8-A314-1B05BA49AF54}.Release|Any CPU.Build.0 = Release|Any CPU
		{5AF59CAC-5473-4B95-8847-7230247D0871}.Debug|Any CPU.ActiveCfg = Debug|Any CPU
		{5AF59CAC-5473-4B95-8847-7230247D0871}.Debug|Any CPU.Build.0 = Debug|Any CPU
		{5AF59CAC-5473-4B95-8847-7230247D0871}.Release|Any CPU.ActiveCfg = Release|Any CPU
		{5AF59CAC-5473-4B95-8847-7230247D0871}.Release|Any CPU.Build.0 = Release|Any CPU
		{3F759D17-C080-4E60-B3F9-C92CD5C5EBD2}.Debug|Any CPU.ActiveCfg = Debug|Any CPU
		{3F759D17-C080-4E60-B3F9-C92CD5C5EBD2}.Debug|Any CPU.Build.0 = Debug|Any CPU
		{3F759D17-C080-4E60-B3F9-C92CD5C5EBD2}.Release|Any CPU.ActiveCfg = Release|Any CPU
		{3F759D17-C080-4E60-B3F9-C92CD5C5EBD2}.Release|Any CPU.Build.0 = Release|Any CPU
	EndGlobalSection
	GlobalSection(SolutionProperties) = preSolution
		HideSolutionNode = FALSE
	EndGlobalSection
EndGlobal
