
Microsoft Visual Studio Solution File, Format Version 12.00
# Visual Studio Version 17
VisualStudioVersion = 17.4.33027.239
MinimumVisualStudioVersion = 10.0.40219.1

Project("{FAE04EC0-301F-11D3-BF4B-00C04F79EFBC}") = "Tests", "Tests.NUnit\Tests.csproj", "{591452A6-2EAA-48B8-A314-1B05BA49AF54}"
EndProject

Project("{9A19103F-16F7-4668-BE54-9A1E7A4F7556}") = "snmptranslate_dotnet", "snmptranslate_dotnet\snmptranslate_dotnet.csproj", "{131A6354-96FD-4546-B947-DB286D307535}"
EndProject
Project("{9A19103F-16F7-4668-BE54-9A1E7A4F7556}") = "snmpwalk_dotnet", "snmpwalk_dotnet\snmpwalk_dotnet.csproj", "{A1F7BE78-0231-4A61-840A-CC80AFACBABF}"
EndProject
Global
	GlobalSection(SolutionConfigurationPlatforms) = preSolution
		Debug|Any CPU = Debug|Any CPU
		Release|Any CPU = Release|Any CPU
	EndGlobalSection
	GlobalSection(ProjectConfigurationPlatforms) = postSolution
		{591452A6-2EAA-48B8-A314-1B05BA49AF54}.Debug|Any CPU.ActiveCfg = Debug|Any CPU
		{591452A6-2EAA-48B8-A314-1B05BA49AF54}.Debug|Any CPU.Build.0 = Debug|Any CPU
		{591452A6-2EAA-48B8-A314-1B05BA49AF54}.Release|Any CPU.ActiveCfg = Release|Any CPU
		{591452A6-2EAA-48B8-A314-1B05BA49AF54}.Release|Any CPU.Build.0 = Release|Any CPU

		{131A6354-96FD-4546-B947-DB286D307535}.Debug|Any CPU.ActiveCfg = Debug|Any CPU
		{131A6354-96FD-4546-B947-DB286D307535}.Debug|Any CPU.Build.0 = Debug|Any CPU
		{131A6354-96FD-4546-B947-DB286D307535}.Release|Any CPU.ActiveCfg = Release|Any CPU
		{131A6354-96FD-4546-B947-DB286D307535}.Release|Any CPU.Build.0 = Release|Any CPU
		{A1F7BE78-0231-4A61-840A-CC80AFACBABF}.Debug|Any CPU.ActiveCfg = Debug|Any CPU
		{A1F7BE78-0231-4A61-840A-CC80AFACBABF}.Debug|Any CPU.Build.0 = Debug|Any CPU
		{A1F7BE78-0231-4A61-840A-CC80AFACBABF}.Release|Any CPU.ActiveCfg = Release|Any CPU
		{A1F7BE78-0231-4A61-840A-CC80AFACBABF}.Release|Any CPU.Build.0 = Release|Any CPU
	EndGlobalSection
	GlobalSection(SolutionProperties) = preSolution
		HideSolutionNode = FALSE
	EndGlobalSection
	GlobalSection(ExtensibilityGlobals) = postSolution
		SolutionGuid = {05B7B362-56D0-459F-9F1F-7DEC144B2262}
	EndGlobalSection
EndGlobal
