<Solution>
  <Project Path="snmptranslate_cs/snmptranslate.csproj" />
  <Project Path="snmptranslate_dotnet/snmptranslate_dotnet.csproj" />
  <Project Path="snmpwalk_cs/snmpwalk.csproj" />
  <Project Path="snmpwalk_dotnet/snmpwalk_dotnet.csproj" />
  <Project Path="Tests.NUnit/Tests.csproj" />
</Solution>
