
Microsoft Visual Studio Solution File, Format Version 12.00
# Visual Studio 2012
# SharpDevelop 5.0
VisualStudioVersion = 12.0.30501.0
MinimumVisualStudioVersion = 10.0.40219.1
Project("{FAE04EC0-301F-11D3-BF4B-00C04F79EFBC}") = "Tests", "Tests.NUnit\Tests.csproj", "{591452A6-2EAA-48B8-A314-1B05BA49AF54}"
EndProject
Project("{FAE04EC0-301F-11D3-BF4B-00C04F79EFBC}") = "snmptranslate", "snmptranslate_cs\snmptranslate.csproj", "{6475E834-1869-4713-9A67-C808B349A1D6}"
EndProject
Global
	GlobalSection(SolutionConfigurationPlatforms) = preSolution
		Debug|Any CPU = Debug|Any CPU
		Release|Any CPU = Release|Any CPU
	EndGlobalSection
	GlobalSection(ProjectConfigurationPlatforms) = postSolution
		{591452A6-2EAA-48B8-A314-1B05BA49AF54}.Debug|Any CPU.ActiveCfg = Debug|Any CPU
		{591452A6-2EAA-48B8-A314-1B05BA49AF54}.Debug|Any CPU.Build.0 = Debug|Any CPU
		{591452A6-2EAA-48B8-A314-1B05BA49AF54}.Release|Any CPU.ActiveCfg = Release|Any CPU
		{591452A6-2EAA-48B8-A314-1B05BA49AF54}.Release|Any CPU.Build.0 = Release|Any CPU
		{6475E834-1869-4713-9A67-C808B349A1D6}.Debug|Any CPU.ActiveCfg = Debug|Any CPU
		{6475E834-1869-4713-9A67-C808B349A1D6}.Debug|Any CPU.Build.0 = Debug|Any CPU
		{6475E834-1869-4713-9A67-C808B349A1D6}.Release|Any CPU.ActiveCfg = Release|Any CPU
		{6475E834-1869-4713-9A67-C808B349A1D6}.Release|Any CPU.Build.0 = Release|Any CPU
	EndGlobalSection
	GlobalSection(SolutionProperties) = preSolution
		HideSolutionNode = FALSE
	EndGlobalSection
EndGlobal
